# This file is generated by running "yarn install" inside your project.
# Manual changes might be lost - proceed with caution!

__metadata:
  version: 6
  cacheKey: 8

"property-expr@npm:^2.0.5":
  version: 2.0.6
  resolution: "property-expr@npm:2.0.6"
  checksum: 89977f4bb230736c1876f460dd7ca9328034502fd92e738deb40516d16564b850c0bbc4e052c3df88b5b8cd58e51c93b46a94bea049a3f23f4a022c038864cab
  languageName: node
  linkType: hard

"tiny-case@npm:^1.0.3":
  version: 1.0.3
  resolution: "tiny-case@npm:1.0.3"
  checksum: 3f7a30c39d5b0e1bc097b0b271bec14eb5b836093db034f35a0de26c14422380b50dc12bfd37498cf35b192f5df06f28a710712c87ead68872a9e37ad6f6049d
  languageName: node
  linkType: hard

"toposort@npm:^2.0.2":
  version: 2.0.2
  resolution: "toposort@npm:2.0.2"
  checksum: d64c74b570391c9432873f48e231b439ee56bc49f7cb9780b505cfdf5cb832f808d0bae072515d93834dd6bceca5bb34448b5b4b408335e4d4716eaf68195dcb
  languageName: node
  linkType: hard

"type-fest@npm:^2.19.0":
  version: 2.19.0
  resolution: "type-fest@npm:2.19.0"
  checksum: a4ef07ece297c9fba78fc1bd6d85dff4472fe043ede98bd4710d2615d15776902b595abf62bd78339ed6278f021235fb28a96361f8be86ed754f778973a0d278
  languageName: node
  linkType: hard

"yup-error-demo@workspace:.":
  version: 0.0.0-use.local
  resolution: "yup-error-demo@workspace:."
  dependencies:
    yup: ^1.3.3
  languageName: unknown
  linkType: soft

"yup@npm:^1.3.3":
  version: 1.3.3
  resolution: "yup@npm:1.3.3"
  dependencies:
    property-expr: ^2.0.5
    tiny-case: ^1.0.3
    toposort: ^2.0.2
    type-fest: ^2.19.0
  checksum: 7b9e19fedc85deb8cffd6b24617f79542c904f11a9c4ca8bb72fb003e61bd6c5278cc799fa9421c6a1a96ff04e7117bf0c000c9f10b543d6cd32a1e35e8f5f65
  languageName: node
  linkType: hard
